
Microsoft Visual Studio Solution File, Format Version 12.00
# Visual Studio Version 16
VisualStudioVersion = 16.0.32106.194
MinimumVisualStudioVersion = 10.0.40219.1
Project("{FAE04EC0-301F-11D3-BF4B-00C04F79EFBC}") = "Threading", "Threading\Threading.csproj", "{03962CB2-4F54-435B-99D2-A5BA35E7E27B}"
EndProject
Global
	GlobalSection(SolutionConfigurationPlatforms) = preSolution
		Debug|Any CPU = Debug|Any CPU
		Release|Any CPU = Release|Any CPU
	EndGlobalSection
	GlobalSection(ProjectConfigurationPlatforms) = postSolution
		{03962CB2-4F54-435B-99D2-A5BA35E7E27B}.Debug|Any CPU.ActiveCfg = Debug|Any CPU
		{03962CB2-4F54-435B-99D2-A5BA35E7E27B}.Debug|Any CPU.Build.0 = Debug|Any CPU
		{03962CB2-4F54-435B-99D2-A5BA35E7E27B}.Release|Any CPU.ActiveCfg = Release|Any CPU
		{03962CB2-4F54-435B-99D2-A5BA35E7E27B}.Release|Any CPU.Build.0 = Release|Any CPU
	EndGlobalSection
	GlobalSection(SolutionProperties) = preSolution
		HideSolutionNode = FALSE
	EndGlobalSection
	GlobalSection(ExtensibilityGlobals) = postSolution
		SolutionGuid = {DB71959E-7432-46D1-87A7-EAC09CBA5124}
	EndGlobalSection
EndGlobal
